// !$*UTF8*$!
{
	archiveVersion = 1;
	classes = {
	};
	objectVersion = 60;
	objects = {

/* Begin PBXBuildFile section */
		2A08D7EC2AD2F9D600AEA27C /* TibberActionsView.swift in Sources */ = {isa = PBXBuildFile; fileRef = 2A08D7EB2AD2F9D600AEA27C /* TibberActionsView.swift */; };
		2A08D7EF2AD31BC400AEA27C /* HomesView.swift in Sources */ = {isa = PBXBuildFile; fileRef = 2A08D7EE2AD31BC400AEA27C /* HomesView.swift */; };
		2A08D7F12AD3305C00AEA27C /* ConsumptionView.swift in Sources */ = {isa = PBXBuildFile; fileRef = 2A08D7F02AD3305C00AEA27C /* ConsumptionView.swift */; };
		2A08D7F42AD3461000AEA27C /* UserLoginOperation.swift in Sources */ = {isa = PBXBuildFile; fileRef = 2A08D7F32AD3461000AEA27C /* UserLoginOperation.swift */; };
		2A7FDABD2BA728690056AA62 /* CurrentEnergyPriceOperation.swift in Sources */ = {isa = PBXBuildFile; fileRef = 2A7FDABC2BA728690056AA62 /* CurrentEnergyPriceOperation.swift */; };
		2A7FDAC02BA7289A0056AA62 /* CurrentEnergyPrice.graphql in Resources */ = {isa = PBXBuildFile; fileRef = 2A7FDABF2BA7289A0056AA62 /* CurrentEnergyPrice.graphql */; };
		2AFE4DD72AC3879F007EEEEE /* TibberSwiftExampleApp.swift in Sources */ = {isa = PBXBuildFile; fileRef = 2AFE4DD62AC3879F007EEEEE /* TibberSwiftExampleApp.swift */; };
		2AFE4DD92AC3879F007EEEEE /* ContentView.swift in Sources */ = {isa = PBXBuildFile; fileRef = 2AFE4DD82AC3879F007EEEEE /* ContentView.swift */; };
		2AFE4DDB2AC387A0007EEEEE /* Assets.xcassets in Resources */ = {isa = PBXBuildFile; fileRef = 2AFE4DDA2AC387A0007EEEEE /* Assets.xcassets */; };
		2AFE4DDE2AC387A0007EEEEE /* Preview Assets.xcassets in Resources */ = {isa = PBXBuildFile; fileRef = 2AFE4DDD2AC387A0007EEEEE /* Preview Assets.xcassets */; };
		2AFE4DE62AC387E7007EEEEE /* TibberSwift in Frameworks */ = {isa = PBXBuildFile; productRef = 2AFE4DE52AC387E7007EEEEE /* TibberSwift */; };
/* End PBXBuildFile section */

/* Begin PBXFileReference section */
		2A08D7EB2AD2F9D600AEA27C /* TibberActionsView.swift */ = {isa = PBXFileReference; lastKnownFileType = sourcecode.swift; path = TibberActionsView.swift; sourceTree = "<group>"; };
		2A08D7EE2AD31BC400AEA27C /* HomesView.swift */ = {isa = PBXFileReference; lastKnownFileType = sourcecode.swift; path = HomesView.swift; sourceTree = "<group>"; };
		2A08D7F02AD3305C00AEA27C /* ConsumptionView.swift */ = {isa = PBXFileReference; lastKnownFileType = sourcecode.swift; path = ConsumptionView.swift; sourceTree = "<group>"; };
		2A08D7F32AD3461000AEA27C /* UserLoginOperation.swift */ = {isa = PBXFileReference; lastKnownFileType = sourcecode.swift; path = UserLoginOperation.swift; sourceTree = "<group>"; };
		2A7FDABC2BA728690056AA62 /* CurrentEnergyPriceOperation.swift */ = {isa = PBXFileReference; lastKnownFileType = sourcecode.swift; path = CurrentEnergyPriceOperation.swift; sourceTree = "<group>"; };
		2A7FDABF2BA7289A0056AA62 /* CurrentEnergyPrice.graphql */ = {isa = PBXFileReference; lastKnownFileType = text; path = CurrentEnergyPrice.graphql; sourceTree = "<group>"; };
		2AFE4DD32AC3879F007EEEEE /* TibberSwiftExample.app */ = {isa = PBXFileReference; explicitFileType = wrapper.application; includeInIndex = 0; path = TibberSwiftExample.app; sourceTree = BUILT_PRODUCTS_DIR; };
		2AFE4DD62AC3879F007EEEEE /* TibberSwiftExampleApp.swift */ = {isa = PBXFileReference; lastKnownFileType = sourcecode.swift; path = TibberSwiftExampleApp.swift; sourceTree = "<group>"; };
		2AFE4DD82AC3879F007EEEEE /* ContentView.swift */ = {isa = PBXFileReference; lastKnownFileType = sourcecode.swift; path = ContentView.swift; sourceTree = "<group>"; };
		2AFE4DDA2AC387A0007EEEEE /* Assets.xcassets */ = {isa = PBXFileReference; lastKnownFileType = folder.assetcatalog; path = Assets.xcassets; sourceTree = "<group>"; };
		2AFE4DDD2AC387A0007EEEEE /* Preview Assets.xcassets */ = {isa = PBXFileReference; lastKnownFileType = folder.assetcatalog; path = "Preview Assets.xcassets"; sourceTree = "<group>"; };
/* End PBXFileReference section */

/* Begin PBXFrameworksBuildPhase section */
		2AFE4DD02AC3879F007EEEEE /* Frameworks */ = {
			isa = PBXFrameworksBuildPhase;
			buildActionMask = 2147483647;
			files = (
				2AFE4DE62AC387E7007EEEEE /* TibberSwift in Frameworks */,
			);
			runOnlyForDeploymentPostprocessing = 0;
		};
/* End PBXFrameworksBuildPhase section */

/* Begin PBXGroup section */
		2A08D7ED2AD2FBDF00AEA27C /* Actions */ = {
			isa = PBXGroup;
			children = (
				2A08D7EE2AD31BC400AEA27C /* HomesView.swift */,
				2A08D7F02AD3305C00AEA27C /* ConsumptionView.swift */,
			);
			path = Actions;
			sourceTree = "<group>";
		};
		2A08D7F22AD345BD00AEA27C /* Operation */ = {
			isa = PBXGroup;
			children = (
				2A08D7F32AD3461000AEA27C /* UserLoginOperation.swift */,
				2A7FDABC2BA728690056AA62 /* CurrentEnergyPriceOperation.swift */,
			);
			path = Operation;
			sourceTree = "<group>";
		};
		2A7FDABE2BA7286F0056AA62 /* GraphQl */ = {
			isa = PBXGroup;
			children = (
				2A7FDABF2BA7289A0056AA62 /* CurrentEnergyPrice.graphql */,
			);
			path = GraphQl;
			sourceTree = "<group>";
		};
		2AFE4DCA2AC3879F007EEEEE = {
			isa = PBXGroup;
			children = (
				2AFE4DD52AC3879F007EEEEE /* TibberSwiftExample */,
				2AFE4DD42AC3879F007EEEEE /* Products */,
			);
			sourceTree = "<group>";
		};
		2AFE4DD42AC3879F007EEEEE /* Products */ = {
			isa = PBXGroup;
			children = (
				2AFE4DD32AC3879F007EEEEE /* TibberSwiftExample.app */,
			);
			name = Products;
			sourceTree = "<group>";
		};
		2AFE4DD52AC3879F007EEEEE /* TibberSwiftExample */ = {
			isa = PBXGroup;
			children = (
				2A7FDABE2BA7286F0056AA62 /* GraphQl */,
				2A08D7F22AD345BD00AEA27C /* Operation */,
				2A08D7ED2AD2FBDF00AEA27C /* Actions */,
				2AFE4DDA2AC387A0007EEEEE /* Assets.xcassets */,
				2AFE4DD82AC3879F007EEEEE /* ContentView.swift */,
				2AFE4DDC2AC387A0007EEEEE /* Preview Content */,
				2A08D7EB2AD2F9D600AEA27C /* TibberActionsView.swift */,
				2AFE4DD62AC3879F007EEEEE /* TibberSwiftExampleApp.swift */,
			);
			path = TibberSwiftExample;
			sourceTree = "<group>";
		};
		2AFE4DDC2AC387A0007EEEEE /* Preview Content */ = {
			isa = PBXGroup;
			children = (
				2AFE4DDD2AC387A0007EEEEE /* Preview Assets.xcassets */,
			);
			path = "Preview Content";
			sourceTree = "<group>";
		};
/* End PBXGroup section */

/* Begin PBXNativeTarget section */
		2AFE4DD22AC3879F007EEEEE /* TibberSwiftExample */ = {
			isa = PBXNativeTarget;
			buildConfigurationList = 2AFE4DE12AC387A0007EEEEE /* Build configuration list for PBXNativeTarget "TibberSwiftExample" */;
			buildPhases = (
				2AFE4DCF2AC3879F007EEEEE /* Sources */,
				2AFE4DD02AC3879F007EEEEE /* Frameworks */,
				2AFE4DD12AC3879F007EEEEE /* Resources */,
			);
			buildRules = (
			);
			dependencies = (
			);
			name = TibberSwiftExample;
			packageProductDependencies = (
				2AFE4DE52AC387E7007EEEEE /* TibberSwift */,
			);
			productName = TibberSwiftExample;
			productReference = 2AFE4DD32AC3879F007EEEEE /* TibberSwiftExample.app */;
			productType = "com.apple.product-type.application";
		};
/* End PBXNativeTarget section */

/* Begin PBXProject section */
		2AFE4DCB2AC3879F007EEEEE /* Project object */ = {
			isa = PBXProject;
			attributes = {
				BuildIndependentTargetsInParallel = 1;
				LastSwiftUpdateCheck = 1500;
				LastUpgradeCheck = 1500;
				TargetAttributes = {
					2AFE4DD22AC3879F007EEEEE = {
						CreatedOnToolsVersion = 15.0;
					};
				};
			};
			buildConfigurationList = 2AFE4DCE2AC3879F007EEEEE /* Build configuration list for PBXProject "TibberSwiftExample" */;
			compatibilityVersion = "Xcode 14.0";
			developmentRegion = en;
			hasScannedForEncodings = 0;
			knownRegions = (
				en,
				Base,
			);
			mainGroup = 2AFE4DCA2AC3879F007EEEEE;
			packageReferences = (
				2AFE4DE42AC387E7007EEEEE /* XCLocalSwiftPackageReference ".." */,
			);
			productRefGroup = 2AFE4DD42AC3879F007EEEEE /* Products */;
			projectDirPath = "";
			projectRoot = "";
			targets = (
				2AFE4DD22AC3879F007EEEEE /* TibberSwiftExample */,
			);
		};
/* End PBXProject section */

/* Begin PBXResourcesBuildPhase section */
		2AFE4DD12AC3879F007EEEEE /* Resources */ = {
			isa = PBXResourcesBuildPhase;
			buildActionMask = 2147483647;
			files = (
				2A7FDAC02BA7289A0056AA62 /* CurrentEnergyPrice.graphql in Resources */,
				2AFE4DDE2AC387A0007EEEEE /* Preview Assets.xcassets in Resources */,
				2AFE4DDB2AC387A0007EEEEE /* Assets.xcassets in Resources */,
			);
			runOnlyForDeploymentPostprocessing = 0;
		};
/* End PBXResourcesBuildPhase section */

/* Begin PBXSourcesBuildPhase section */
		2AFE4DCF2AC3879F007EEEEE /* Sources */ = {
			isa = PBXSourcesBuildPhase;
			buildActionMask = 2147483647;
			files = (
				2A7FDABD2BA728690056AA62 /* CurrentEnergyPriceOperation.swift in Sources */,
				2A08D7F12AD3305C00AEA27C /* ConsumptionView.swift in Sources */,
				2AFE4DD92AC3879F007EEEEE /* ContentView.swift in Sources */,
				2A08D7EF2AD31BC400AEA27C /* HomesView.swift in Sources */,
				2AFE4DD72AC3879F007EEEEE /* TibberSwiftExampleApp.swift in Sources */,
				2A08D7F42AD3461000AEA27C /* UserLoginOperation.swift in Sources */,
				2A08D7EC2AD2F9D600AEA27C /* TibberActionsView.swift in Sources */,
			);
			runOnlyForDeploymentPostprocessing = 0;
		};
/* End PBXSourcesBuildPhase section */

/* Begin XCBuildConfiguration section */
		2AFE4DDF2AC387A0007EEEEE /* Debug */ = {
			isa = XCBuildConfiguration;
			buildSettings = {
				ALWAYS_SEARCH_USER_PATHS = NO;
				ASSETCATALOG_COMPILER_GENERATE_SWIFT_ASSET_SYMBOL_EXTENSIONS = YES;
				CLANG_ANALYZER_NONNULL = YES;
				CLANG_ANALYZER_NUMBER_OBJECT_CONVERSION = YES_AGGRESSIVE;
				CLANG_CXX_LANGUAGE_STANDARD = "gnu++20";
				CLANG_ENABLE_MODULES = YES;
				CLANG_ENABLE_OBJC_ARC = YES;
				CLANG_ENABLE_OBJC_WEAK = YES;
				CLANG_WARN_BLOCK_CAPTURE_AUTORELEASING = YES;
				CLANG_WARN_BOOL_CONVERSION = YES;
				CLANG_WARN_COMMA = YES;
				CLANG_WARN_CONSTANT_CONVERSION = YES;
				CLANG_WARN_DEPRECATED_OBJC_IMPLEMENTATIONS = YES;
				CLANG_WARN_DIRECT_OBJC_ISA_USAGE = YES_ERROR;
				CLANG_WARN_DOCUMENTATION_COMMENTS = YES;
				CLANG_WARN_EMPTY_BODY = YES;
				CLANG_WARN_ENUM_CONVERSION = YES;
				CLANG_WARN_INFINITE_RECURSION = YES;
				CLANG_WARN_INT_CONVERSION = YES;
				CLANG_WARN_NON_LITERAL_NULL_CONVERSION = YES;
				CLANG_WARN_OBJC_IMPLICIT_RETAIN_SELF = YES;
				CLANG_WARN_OBJC_LITERAL_CONVERSION = YES;
				CLANG_WARN_OBJC_ROOT_CLASS = YES_ERROR;
				CLANG_WARN_QUOTED_INCLUDE_IN_FRAMEWORK_HEADER = YES;
				CLANG_WARN_RANGE_LOOP_ANALYSIS = YES;
				CLANG_WARN_STRICT_PROTOTYPES = YES;
				CLANG_WARN_SUSPICIOUS_MOVE = YES;
				CLANG_WARN_UNGUARDED_AVAILABILITY = YES_AGGRESSIVE;
				CLANG_WARN_UNREACHABLE_CODE = YES;
				CLANG_WARN__DUPLICATE_METHOD_MATCH = YES;
				COPY_PHASE_STRIP = NO;
				DEBUG_INFORMATION_FORMAT = dwarf;
				ENABLE_STRICT_OBJC_MSGSEND = YES;
				ENABLE_TESTABILITY = YES;
				ENABLE_USER_SCRIPT_SANDBOXING = YES;
				GCC_C_LANGUAGE_STANDARD = gnu17;
				GCC_DYNAMIC_NO_PIC = NO;
				GCC_NO_COMMON_BLOCKS = YES;
				GCC_OPTIMIZATION_LEVEL = 0;
				GCC_PREPROCESSOR_DEFINITIONS = (
					"DEBUG=1",
					"$(inherited)",
				);
				GCC_WARN_64_TO_32_BIT_CONVERSION = YES;
				GCC_WARN_ABOUT_RETURN_TYPE = YES_ERROR;
				GCC_WARN_UNDECLARED_SELECTOR = YES;
				GCC_WARN_UNINITIALIZED_AUTOS = YES_AGGRESSIVE;
				GCC_WARN_UNUSED_FUNCTION = YES;
				GCC_WARN_UNUSED_VARIABLE = YES;
				IPHONEOS_DEPLOYMENT_TARGET = 17.0;
				LOCALIZATION_PREFERS_STRING_CATALOGS = YES;
				MTL_ENABLE_DEBUG_INFO = INCLUDE_SOURCE;
				MTL_FAST_MATH = YES;
				ONLY_ACTIVE_ARCH = YES;
				SDKROOT = iphoneos;
				SWIFT_ACTIVE_COMPILATION_CONDITIONS = "DEBUG $(inherited)";
				SWIFT_OPTIMIZATION_LEVEL = "-Onone";
			};
			name = Debug;
		};
		2AFE4DE02AC387A0007EEEEE /* Release */ = {
			isa = XCBuildConfiguration;
			buildSettings = {
				ALWAYS_SEARCH_USER_PATHS = NO;
				ASSETCATALOG_COMPILER_GENERATE_SWIFT_ASSET_SYMBOL_EXTENSIONS = YES;
				CLANG_ANALYZER_NONNULL = YES;
				CLANG_ANALYZER_NUMBER_OBJECT_CONVERSION = YES_AGGRESSIVE;
				CLANG_CXX_LANGUAGE_STANDARD = "gnu++20";
				CLANG_ENABLE_MODULES = YES;
				CLANG_ENABLE_OBJC_ARC = YES;
				CLANG_ENABLE_OBJC_WEAK = YES;
				CLANG_WARN_BLOCK_CAPTURE_AUTORELEASING = YES;
				CLANG_WARN_BOOL_CONVERSION = YES;
				CLANG_WARN_COMMA = YES;
				CLANG_WARN_CONSTANT_CONVERSION = YES;
				CLANG_WARN_DEPRECATED_OBJC_IMPLEMENTATIONS = YES;
				CLANG_WARN_DIRECT_OBJC_ISA_USAGE = YES_ERROR;
				CLANG_WARN_DOCUMENTATION_COMMENTS = YES;
				CLANG_WARN_EMPTY_BODY = YES;
				CLANG_WARN_ENUM_CONVERSION = YES;
				CLANG_WARN_INFINITE_RECURSION = YES;
				CLANG_WARN_INT_CONVERSION = YES;
				CLANG_WARN_NON_LITERAL_NULL_CONVERSION = YES;
				CLANG_WARN_OBJC_IMPLICIT_RETAIN_SELF = YES;
				CLANG_WARN_OBJC_LITERAL_CONVERSION = YES;
				CLANG_WARN_OBJC_ROOT_CLASS = YES_ERROR;
				CLANG_WARN_QUOTED_INCLUDE_IN_FRAMEWORK_HEADER = YES;
				CLANG_WARN_RANGE_LOOP_ANALYSIS = YES;
				CLANG_WARN_STRICT_PROTOTYPES = YES;
				CLANG_WARN_SUSPICIOUS_MOVE = YES;
				CLANG_WARN_UNGUARDED_AVAILABILITY = YES_AGGRESSIVE;
				CLANG_WARN_UNREACHABLE_CODE = YES;
				CLANG_WARN__DUPLICATE_METHOD_MATCH = YES;
				COPY_PHASE_STRIP = NO;
				DEBUG_INFORMATION_FORMAT = "dwarf-with-dsym";
				ENABLE_NS_ASSERTIONS = NO;
				ENABLE_STRICT_OBJC_MSGSEND = YES;
				ENABLE_USER_SCRIPT_SANDBOXING = YES;
				GCC_C_LANGUAGE_STANDARD = gnu17;
				GCC_NO_COMMON_BLOCKS = YES;
				GCC_WARN_64_TO_32_BIT_CONVERSION = YES;
				GCC_WARN_ABOUT_RETURN_TYPE = YES_ERROR;
				GCC_WARN_UNDECLARED_SELECTOR = YES;
				GCC_WARN_UNINITIALIZED_AUTOS = YES_AGGRESSIVE;
				GCC_WARN_UNUSED_FUNCTION = YES;
				GCC_WARN_UNUSED_VARIABLE = YES;
				IPHONEOS_DEPLOYMENT_TARGET = 17.0;
				LOCALIZATION_PREFERS_STRING_CATALOGS = YES;
				MTL_ENABLE_DEBUG_INFO = NO;
				MTL_FAST_MATH = YES;
				SDKROOT = iphoneos;
				SWIFT_COMPILATION_MODE = wholemodule;
				VALIDATE_PRODUCT = YES;
			};
			name = Release;
		};
		2AFE4DE22AC387A0007EEEEE /* Debug */ = {
			isa = XCBuildConfiguration;
			buildSettings = {
				ASSETCATALOG_COMPILER_APPICON_NAME = AppIcon;
				ASSETCATALOG_COMPILER_GLOBAL_ACCENT_COLOR_NAME = AccentColor;
				CODE_SIGN_STYLE = Automatic;
				CURRENT_PROJECT_VERSION = 1;
				DEVELOPMENT_ASSET_PATHS = "\"TibberSwiftExample/Preview Content\"";
				DEVELOPMENT_TEAM = 6B3SHVL3L5;
				ENABLE_PREVIEWS = YES;
				GENERATE_INFOPLIST_FILE = YES;
				INFOPLIST_KEY_UIApplicationSceneManifest_Generation = YES;
				INFOPLIST_KEY_UIApplicationSupportsIndirectInputEvents = YES;
				INFOPLIST_KEY_UILaunchScreen_Generation = YES;
				INFOPLIST_KEY_UISupportedInterfaceOrientations_iPad = "UIInterfaceOrientationPortrait UIInterfaceOrientationPortraitUpsideDown UIInterfaceOrientationLandscapeLeft UIInterfaceOrientationLandscapeRight";
				INFOPLIST_KEY_UISupportedInterfaceOrientations_iPhone = "UIInterfaceOrientationPortrait UIInterfaceOrientationLandscapeLeft UIInterfaceOrientationLandscapeRight";
				LD_RUNPATH_SEARCH_PATHS = (
					"$(inherited)",
					"@executable_path/Frameworks",
				);
				MARKETING_VERSION = 1.0;
				PRODUCT_BUNDLE_IDENTIFIER = se.apptrix.TibberSwiftExample;
				PRODUCT_NAME = "$(TARGET_NAME)";
				SWIFT_EMIT_LOC_STRINGS = YES;
				SWIFT_VERSION = 5.0;
				TARGETED_DEVICE_FAMILY = "1,2";
			};
			name = Debug;
		};
		2AFE4DE32AC387A0007EEEEE /* Release */ = {
			isa = XCBuildConfiguration;
			buildSettings = {
				ASSETCATALOG_COMPILER_APPICON_NAME = AppIcon;
				ASSETCATALOG_COMPILER_GLOBAL_ACCENT_COLOR_NAME = AccentColor;
				CODE_SIGN_STYLE = Automatic;
				CURRENT_PROJECT_VERSION = 1;
				DEVELOPMENT_ASSET_PATHS = "\"TibberSwiftExample/Preview Content\"";
				DEVELOPMENT_TEAM = 6B3SHVL3L5;
				ENABLE_PREVIEWS = YES;
				GENERATE_INFOPLIST_FILE = YES;
				INFOPLIST_KEY_UIApplicationSceneManifest_Generation = YES;
				INFOPLIST_KEY_UIApplicationSupportsIndirectInputEvents = YES;
				INFOPLIST_KEY_UILaunchScreen_Generation = YES;
				INFOPLIST_KEY_UISupportedInterfaceOrientations_iPad = "UIInterfaceOrientationPortrait UIInterfaceOrientationPortraitUpsideDown UIInterfaceOrientationLandscapeLeft UIInterfaceOrientationLandscapeRight";
				INFOPLIST_KEY_UISupportedInterfaceOrientations_iPhone = "UIInterfaceOrientationPortrait UIInterfaceOrientationLandscapeLeft UIInterfaceOrientationLandscapeRight";
				LD_RUNPATH_SEARCH_PATHS = (
					"$(inherited)",
					"@executable_path/Frameworks",
				);
				MARKETING_VERSION = 1.0;
				PRODUCT_BUNDLE_IDENTIFIER = se.apptrix.TibberSwiftExample;
				PRODUCT_NAME = "$(TARGET_NAME)";
				SWIFT_EMIT_LOC_STRINGS = YES;
				SWIFT_VERSION = 5.0;
				TARGETED_DEVICE_FAMILY = "1,2";
			};
			name = Release;
		};
/* End XCBuildConfiguration section */

/* Begin XCConfigurationList section */
		2AFE4DCE2AC3879F007EEEEE /* Build configuration list for PBXProject "TibberSwiftExample" */ = {
			isa = XCConfigurationList;
			buildConfigurations = (
				2AFE4DDF2AC387A0007EEEEE /* Debug */,
				2AFE4DE02AC387A0007EEEEE /* Release */,
			);
			defaultConfigurationIsVisible = 0;
			defaultConfigurationName = Release;
		};
		2AFE4DE12AC387A0007EEEEE /* Build configuration list for PBXNativeTarget "TibberSwiftExample" */ = {
			isa = XCConfigurationList;
			buildConfigurations = (
				2AFE4DE22AC387A0007EEEEE /* Debug */,
				2AFE4DE32AC387A0007EEEEE /* Release */,
			);
			defaultConfigurationIsVisible = 0;
			defaultConfigurationName = Release;
		};
/* End XCConfigurationList section */

/* Begin XCLocalSwiftPackageReference section */
		2AFE4DE42AC387E7007EEEEE /* XCLocalSwiftPackageReference ".." */ = {
			isa = XCLocalSwiftPackageReference;
			relativePath = ..;
		};
/* End XCLocalSwiftPackageReference section */

/* Begin XCSwiftPackageProductDependency section */
		2AFE4DE52AC387E7007EEEEE /* TibberSwift */ = {
			isa = XCSwiftPackageProductDependency;
			productName = TibberSwift;
		};
/* End XCSwiftPackageProductDependency section */
	};
	rootObject = 2AFE4DCB2AC3879F007EEEEE /* Project object */;
}
